
Microsoft Visual Studio Solution File, Format Version 12.00
# Visual Studio Version 16
VisualStudioVersion = 16.0.31515.178
MinimumVisualStudioVersion = 10.0.40219.1
Project("{FAE04EC0-301F-11D3-BF4B-00C04F79EFBC}") = "DRY1", "DRY1.csproj", "{8189840A-AFB6-4E13-ACAC-835018D424DB}"
EndProject
Global
	GlobalSection(SolutionConfigurationPlatforms) = preSolution
		Debug|Any CPU = Debug|Any CPU
		Release|Any CPU = Release|Any CPU
	EndGlobalSection
	GlobalSection(ProjectConfigurationPlatforms) = postSolution
		{8189840A-AFB6-4E13-ACAC-835018D424DB}.Debug|Any CPU.ActiveCfg = Debug|Any CPU
		{8189840A-AFB6-4E13-ACAC-835018D424DB}.Debug|Any CPU.Build.0 = Debug|Any CPU
		{8189840A-AFB6-4E13-ACAC-835018D424DB}.Release|Any CPU.ActiveCfg = Release|Any CPU
		{8189840A-AFB6-4E13-ACAC-835018D424DB}.Release|Any CPU.Build.0 = Release|Any CPU
	EndGlobalSection
	GlobalSection(SolutionProperties) = preSolution
		HideSolutionNode = FALSE
	EndGlobalSection
	GlobalSection(ExtensibilityGlobals) = postSolution
		SolutionGuid = {E493537C-FA2F-493F-830E-6F9165DA4AB1}
	EndGlobalSection
EndGlobal
